# THIS IS AN AUTOGENERATED FILE. DO NOT EDIT THIS FILE DIRECTLY.
# yarn lockfile v1


"@redis/client@^5.8.2":
  version "5.8.2"
  resolved "https://registry.yarnpkg.com/@redis/client/-/client-5.8.2.tgz#099f387b7fba99180c10e0e7093b71d022e704f8"
  integrity sha512-WtMScno3+eBpTac1Uav2zugXEoXqaU23YznwvFgkPwBQVwEHTDgOG7uEAObtZ/Nyn8SmAMbqkEubJaMOvnqdsQ==
  dependencies:
    cluster-key-slot "1.1.2"

cluster-key-slot@1.1.2:
  version "1.1.2"
  resolved "https://registry.yarnpkg.com/cluster-key-slot/-/cluster-key-slot-1.1.2.tgz#88ddaa46906e303b5de30d3153b7d9fe0a0c19ac"
  integrity sha512-RMr0FhtfXemyinomL4hrWcYJxmX6deFdCxpJzhDttxgO1+bcCnkk+9drydLVDmAMG7NE6aN/fl4F7ucU/90gAA==

cmake-ts@1.0.2:
  version "1.0.2"
  resolved "https://registry.yarnpkg.com/cmake-ts/-/cmake-ts-1.0.2.tgz#628b54c182b22fae4bdaa757b4a02b9be9e75064"
  integrity sha512-5l++JHE7MxFuyV/OwJf3ek7ZZN1aGPFPM5oUz6AnK5inQAPe4TFXRMz5sA2qg2FRgByPWdqO+gSfIPo8GzoKNQ==

node-addon-api@^8.3.1:
  version "8.5.0"
  resolved "https://registry.yarnpkg.com/node-addon-api/-/node-addon-api-8.5.0.tgz#c91b2d7682fa457d2e1c388150f0dff9aafb8f3f"
  integrity sha512-/bRZty2mXUIFY/xU5HLvveNHlswNJej+RnxBjOMkidWfwZzgTbPG1E3K5TOxRLOR+5hX7bSofy8yf1hZevMS8A==

zeromq@^6.3.0:
  version "6.5.0"
  resolved "https://registry.yarnpkg.com/zeromq/-/zeromq-6.5.0.tgz#fa82a13f72286db4e651a4c43166a1b91184990a"
  integrity sha512-vWOrt19lvcXTxu5tiHXfEGQuldSlU+qZn2TT+4EbRQzaciWGwNZ99QQTolQOmcwVgZLodv+1QfC6UZs2PX/6pQ==
  dependencies:
    cmake-ts "1.0.2"
    node-addon-api "^8.3.1"
